<?xml version="1.0" encoding="utf-8"?>
<Project ToolsVersion="4.0" xmlns="http://schemas.microsoft.com/developer/msbuild/2003">
  <ItemGroup>
    <Filter Include="Fichiers sources">
      <UniqueIdentifier>{4FC737F1-C7A5-4376-A066-2A32D752A2FF}</UniqueIdentifier>
      <Extensions>cpp;c;cc;cxx;c++;cppm;ixx;def;odl;idl;hpj;bat;asm;asmx</Extensions>
    </Filter>
    <Filter Include="Fichiers d%27en-tête">
      <UniqueIdentifier>{93995380-89BD-4b04-88EB-625FBE52EBFB}</UniqueIdentifier>
      <Extensions>h;hh;hpp;hxx;h++;hm;inl;inc;ipp;xsd</Extensions>
    </Filter>
    <Filter Include="Fichiers de ressources">
      <UniqueIdentifier>{67DA6AB6-F800-4c08-8B7A-83BB121AAD01}</UniqueIdentifier>
      <Extensions>rc;ico;cur;bmp;dlg;rc2;rct;bin;rgs;gif;jpg;jpeg;jpe;resx;tiff;tif;png;wav;mfcribbon-ms</Extensions>
    </Filter>
    <Filter Include="Fichiers d%27en-tête\include">
      <UniqueIdentifier>{7a136bf7-6b07-4252-b535-6ad766689faf}</UniqueIdentifier>
    </Filter>
    <Filter Include="Shaders">
      <UniqueIdentifier>{8f0dc6d8-3fd9-4735-b759-3d0881399ba4}</UniqueIdentifier>
    </Filter>
  </ItemGroup>
  <ItemGroup>
    <ClInclude Include="framework.h">
      <Filter>Fichiers de ressources</Filter>
    </ClInclude>
    <ClInclude Include="pch.h">
      <Filter>Fichiers de ressources</Filter>
    </ClInclude>
    <ClInclude Include="include\RaphEngine.h">
      <Filter>Fichiers d%27en-tête\include</Filter>
    </ClInclude>
    <ClInclude Include="include\GameObject.h">
      <Filter>Fichiers d%27en-tête\include</Filter>
    </ClInclude>
    <ClInclude Include="include\Vector.h">
      <Filter>Fichiers d%27en-tête\include</Filter>
    </ClInclude>
    <ClInclude Include="include\ObjLoader.h">
      <Filter>Fichiers d%27en-tête\include</Filter>
    </ClInclude>
    <ClInclude Include="include\Renderer.h">
      <Filter>Fichiers d%27en-tête\include</Filter>
    </ClInclude>
    <ClInclude Include="include\ImageLoader.h">
      <Filter>Fichiers d%27en-tête\include</Filter>
    </ClInclude>
    <ClInclude Include="include\Shader.h">
      <Filter>Fichiers d%27en-tête\include</Filter>
    </ClInclude>
    <ClInclude Include="include\Inputs.h">
      <Filter>Fichiers d%27en-tête\include</Filter>
    </ClInclude>
    <ClInclude Include="include\Text.h">
      <Filter>Fichiers d%27en-tête\include</Filter>
    </ClInclude>
    <ClInclude Include="include\Images.h">
      <Filter>Fichiers d%27en-tête\include</Filter>
    </ClInclude>
    <ClInclude Include="F:\downloads\stb_image.h">
      <Filter>Fichiers sources</Filter>
    </ClInclude>
    <ClInclude Include="include\UI.h">
      <Filter>Fichiers d%27en-tête\include</Filter>
    </ClInclude>
    <ClInclude Include="include\RayCast.h">
      <Filter>Fichiers d%27en-tête\include</Filter>
    </ClInclude>
    <ClInclude Include="include\shaders.h">
      <Filter>Fichiers d%27en-tête\include</Filter>
    </ClInclude>
    <ClInclude Include="include\Settings.h">
      <Filter>Fichiers d%27en-tête\include</Filter>
    </ClInclude>
    <ClInclude Include="include\Guizmo.h">
      <Filter>Fichiers d%27en-tête\include</Filter>
    </ClInclude>
  </ItemGroup>
  <ItemGroup>
    <ClCompile Include="RaphEngine.cpp">
      <Filter>Fichiers sources</Filter>
    </ClCompile>
    <ClCompile Include="pch.cpp">
      <Filter>Fichiers de ressources</Filter>
    </ClCompile>
    <ClCompile Include="dllmain.cpp">
      <Filter>Fichiers de ressources</Filter>
    </ClCompile>
    <ClCompile Include="Vector.cpp">
      <Filter>Fichiers sources</Filter>
    </ClCompile>
    <ClCompile Include="GameObject.cpp">
      <Filter>Fichiers sources</Filter>
    </ClCompile>
    <ClCompile Include="ObjLoader.cpp">
      <Filter>Fichiers sources</Filter>
    </ClCompile>
    <ClCompile Include="Renderer.cpp">
      <Filter>Fichiers sources</Filter>
    </ClCompile>
    <ClCompile Include="ImageLoader.cpp">
      <Filter>Fichiers sources</Filter>
    </ClCompile>
    <ClCompile Include="Shader.cpp">
      <Filter>Fichiers sources</Filter>
    </ClCompile>
    <ClCompile Include="Inputs.cpp">
      <Filter>Fichiers sources</Filter>
    </ClCompile>
    <ClCompile Include="stb_image.cpp">
      <Filter>Fichiers sources</Filter>
    </ClCompile>
    <ClCompile Include="UI.cpp">
      <Filter>Fichiers sources</Filter>
    </ClCompile>
    <ClCompile Include="RayCast.cpp">
      <Filter>Fichiers sources</Filter>
    </ClCompile>
    <ClCompile Include="shaders.cpp">
      <Filter>Fichiers sources</Filter>
    </ClCompile>
    <ClCompile Include="Settings.cpp">
      <Filter>Fichiers sources</Filter>
    </ClCompile>
    <ClCompile Include="Guizmo.cpp">
      <Filter>Fichiers sources</Filter>
    </ClCompile>
  </ItemGroup>
  <ItemGroup>
    <None Include="..\shader\debug_quad_depth_FS.glsl">
      <Filter>Shaders</Filter>
    </None>
    <None Include="..\shader\debug_quad_VS.glsl">
      <Filter>Shaders</Filter>
    </None>
    <None Include="..\shader\fragmentShader.glsl">
      <Filter>Shaders</Filter>
    </None>
    <None Include="..\shader\imagesFS.glsl">
      <Filter>Shaders</Filter>
    </None>
    <None Include="..\shader\imagesVS.glsl">
      <Filter>Shaders</Filter>
    </None>
    <None Include="..\shader\shadow_mapping_depthFS.glsl">
      <Filter>Shaders</Filter>
    </None>
    <None Include="..\shader\shadow_mapping_depthVS.glsl">
      <Filter>Shaders</Filter>
    </None>
    <None Include="..\shader\shadow_mappingFS.glsl">
      <Filter>Shaders</Filter>
    </None>
    <None Include="..\shader\shadow_mappingVS.glsl">
      <Filter>Shaders</Filter>
    </None>
    <None Include="..\shader\textFS.glsl">
      <Filter>Shaders</Filter>
    </None>
    <None Include="..\shader\textVS.glsl">
      <Filter>Shaders</Filter>
    </None>
    <None Include="..\shader\vertexShader.glsl">
      <Filter>Shaders</Filter>
    </None>
    <None Include="..\shader\DEBUG_FS.glsl">
      <Filter>Shaders</Filter>
    </None>
    <None Include="..\shader\DEBUG_VS.glsl">
      <Filter>Shaders</Filter>
    </None>
  </ItemGroup>
</Project>